
Microsoft Visual Studio Solution File, Format Version 12.00
# Visual Studio Version 16
VisualStudioVersion = 16.0.30621.155
MinimumVisualStudioVersion = 15.0.26124.0
Project("{9A19103F-16F7-4668-BE54-9A1E7A4F7556}") = "Randgen", "Randgen\Randgen.csproj", "{9724AA72-16C5-44E1-92D9-5C7EC8E37855}"
EndProject
Project("{FAE04EC0-301F-11D3-BF4B-00C04F79EFBC}") = "Randgen.Test", "Randgen.Test\Randgen.Test.csproj", "{B0265721-167A-482A-B124-0B248E9C0782}"
EndProject
Project("{FAE04EC0-301F-11D3-BF4B-00C04F79EFBC}") = "Randgen.English", "Randgen.English\Randgen.English.csproj", "{94ADE66F-69B6-4A88-B3CF-963EBEC989D8}"
EndProject
Global
	GlobalSection(SolutionConfigurationPlatforms) = preSolution
		Debug|Any CPU = Debug|Any CPU
		Debug|x64 = Debug|x64
		Debug|x86 = Debug|x86
		Release|Any CPU = Release|Any CPU
		Release|x64 = Release|x64
		Release|x86 = Release|x86
	EndGlobalSection
	GlobalSection(ProjectConfigurationPlatforms) = postSolution
		{9724AA72-16C5-44E1-92D9-5C7EC8E37855}.Debug|Any CPU.ActiveCfg = Debug|Any CPU
		{9724AA72-16C5-44E1-92D9-5C7EC8E37855}.Debug|Any CPU.Build.0 = Debug|Any CPU
		{9724AA72-16C5-44E1-92D9-5C7EC8E37855}.Debug|x64.ActiveCfg = Debug|Any CPU
		{9724AA72-16C5-44E1-92D9-5C7EC8E37855}.Debug|x64.Build.0 = Debug|Any CPU
		{9724AA72-16C5-44E1-92D9-5C7EC8E37855}.Debug|x86.ActiveCfg = Debug|Any CPU
		{9724AA72-16C5-44E1-92D9-5C7EC8E37855}.Debug|x86.Build.0 = Debug|Any CPU
		{9724AA72-16C5-44E1-92D9-5C7EC8E37855}.Release|Any CPU.ActiveCfg = Release|Any CPU
		{9724AA72-16C5-44E1-92D9-5C7EC8E37855}.Release|Any CPU.Build.0 = Release|Any CPU
		{9724AA72-16C5-44E1-92D9-5C7EC8E37855}.Release|x64.ActiveCfg = Release|Any CPU
		{9724AA72-16C5-44E1-92D9-5C7EC8E37855}.Release|x64.Build.0 = Release|Any CPU
		{9724AA72-16C5-44E1-92D9-5C7EC8E37855}.Release|x86.ActiveCfg = Release|Any CPU
		{9724AA72-16C5-44E1-92D9-5C7EC8E37855}.Release|x86.Build.0 = Release|Any CPU
		{B0265721-167A-482A-B124-0B248E9C0782}.Debug|Any CPU.ActiveCfg = Debug|Any CPU
		{B0265721-167A-482A-B124-0B248E9C0782}.Debug|Any CPU.Build.0 = Debug|Any CPU
		{B0265721-167A-482A-B124-0B248E9C0782}.Debug|x64.ActiveCfg = Debug|Any CPU
		{B0265721-167A-482A-B124-0B248E9C0782}.Debug|x64.Build.0 = Debug|Any CPU
		{B0265721-167A-482A-B124-0B248E9C0782}.Debug|x86.ActiveCfg = Debug|Any CPU
		{B0265721-167A-482A-B124-0B248E9C0782}.Debug|x86.Build.0 = Debug|Any CPU
		{B0265721-167A-482A-B124-0B248E9C0782}.Release|Any CPU.ActiveCfg = Release|Any CPU
		{B0265721-167A-482A-B124-0B248E9C0782}.Release|Any CPU.Build.0 = Release|Any CPU
		{B0265721-167A-482A-B124-0B248E9C0782}.Release|x64.ActiveCfg = Release|Any CPU
		{B0265721-167A-482A-B124-0B248E9C0782}.Release|x64.Build.0 = Release|Any CPU
		{B0265721-167A-482A-B124-0B248E9C0782}.Release|x86.ActiveCfg = Release|Any CPU
		{B0265721-167A-482A-B124-0B248E9C0782}.Release|x86.Build.0 = Release|Any CPU
		{94ADE66F-69B6-4A88-B3CF-963EBEC989D8}.Debug|Any CPU.ActiveCfg = Debug|Any CPU
		{94ADE66F-69B6-4A88-B3CF-963EBEC989D8}.Debug|Any CPU.Build.0 = Debug|Any CPU
		{94ADE66F-69B6-4A88-B3CF-963EBEC989D8}.Debug|x64.ActiveCfg = Debug|Any CPU
		{94ADE66F-69B6-4A88-B3CF-963EBEC989D8}.Debug|x64.Build.0 = Debug|Any CPU
		{94ADE66F-69B6-4A88-B3CF-963EBEC989D8}.Debug|x86.ActiveCfg = Debug|Any CPU
		{94ADE66F-69B6-4A88-B3CF-963EBEC989D8}.Debug|x86.Build.0 = Debug|Any CPU
		{94ADE66F-69B6-4A88-B3CF-963EBEC989D8}.Release|Any CPU.ActiveCfg = Release|Any CPU
		{94ADE66F-69B6-4A88-B3CF-963EBEC989D8}.Release|Any CPU.Build.0 = Release|Any CPU
		{94ADE66F-69B6-4A88-B3CF-963EBEC989D8}.Release|x64.ActiveCfg = Release|Any CPU
		{94ADE66F-69B6-4A88-B3CF-963EBEC989D8}.Release|x64.Build.0 = Release|Any CPU
		{94ADE66F-69B6-4A88-B3CF-963EBEC989D8}.Release|x86.ActiveCfg = Release|Any CPU
		{94ADE66F-69B6-4A88-B3CF-963EBEC989D8}.Release|x86.Build.0 = Release|Any CPU
	EndGlobalSection
	GlobalSection(SolutionProperties) = preSolution
		HideSolutionNode = FALSE
	EndGlobalSection
	GlobalSection(ExtensibilityGlobals) = postSolution
		SolutionGuid = {60C9DAC5-1233-47B9-86B8-32216854708B}
	EndGlobalSection
EndGlobal
